// !$*UTF8*$!
{
	archiveVersion = 1;
	classes = {
	};
	objectVersion = 56;
	objects = {

/* Begin PBXBuildFile section */
		A478F4B92A58474A009CD8D4 /* BudgetAppSwiftApp.swift in Sources */ = {isa = PBXBuildFile; fileRef = A478F4B82A58474A009CD8D4 /* BudgetAppSwiftApp.swift */; };
		A478F4BB2A58474A009CD8D4 /* ContentView.swift in Sources */ = {isa = PBXBuildFile; fileRef = A478F4BA2A58474A009CD8D4 /* ContentView.swift */; };
		A478F4BD2A58474A009CD8D4 /* Assets.xcassets in Resources */ = {isa = PBXBuildFile; fileRef = A478F4BC2A58474A009CD8D4 /* Assets.xcassets */; };
		A478F4C02A58474A009CD8D4 /* Preview Assets.xcassets in Resources */ = {isa = PBXBuildFile; fileRef = A478F4BF2A58474A009CD8D4 /* Preview Assets.xcassets */; };
		A478F4C72A584957009CD8D4 /* Extensions.swift in Sources */ = {isa = PBXBuildFile; fileRef = A478F4C62A584957009CD8D4 /* Extensions.swift */; };
		A478F4C92A584D40009CD8D4 /* TranscationModel.swift in Sources */ = {isa = PBXBuildFile; fileRef = A478F4C82A584D40009CD8D4 /* TranscationModel.swift */; };
		A478F4CB2A58526B009CD8D4 /* PreviewData.swift in Sources */ = {isa = PBXBuildFile; fileRef = A478F4CA2A58526B009CD8D4 /* PreviewData.swift */; };
		A478F4CD2A5853A2009CD8D4 /* TransactionRow.swift in Sources */ = {isa = PBXBuildFile; fileRef = A478F4CC2A5853A2009CD8D4 /* TransactionRow.swift */; };
		A478F4D02A585B70009CD8D4 /* SwiftUIFontIcon in Frameworks */ = {isa = PBXBuildFile; productRef = A478F4CF2A585B70009CD8D4 /* SwiftUIFontIcon */; };
		A478F4D42A585D0F009CD8D4 /* TransactionViewListModel.swift in Sources */ = {isa = PBXBuildFile; fileRef = A478F4D32A585D0F009CD8D4 /* TransactionViewListModel.swift */; };
		A478F4D62A58697F009CD8D4 /* RecentTransactionList.swift in Sources */ = {isa = PBXBuildFile; fileRef = A478F4D52A58697F009CD8D4 /* RecentTransactionList.swift */; };
/* End PBXBuildFile section */

/* Begin PBXFileReference section */
		A478F4B52A58474A009CD8D4 /* BudgetAppSwift.app */ = {isa = PBXFileReference; explicitFileType = wrapper.application; includeInIndex = 0; path = BudgetAppSwift.app; sourceTree = BUILT_PRODUCTS_DIR; };
		A478F4B82A58474A009CD8D4 /* BudgetAppSwiftApp.swift */ = {isa = PBXFileReference; lastKnownFileType = sourcecode.swift; path = BudgetAppSwiftApp.swift; sourceTree = "<group>"; };
		A478F4BA2A58474A009CD8D4 /* ContentView.swift */ = {isa = PBXFileReference; lastKnownFileType = sourcecode.swift; path = ContentView.swift; sourceTree = "<group>"; };
		A478F4BC2A58474A009CD8D4 /* Assets.xcassets */ = {isa = PBXFileReference; lastKnownFileType = folder.assetcatalog; path = Assets.xcassets; sourceTree = "<group>"; };
		A478F4BF2A58474A009CD8D4 /* Preview Assets.xcassets */ = {isa = PBXFileReference; lastKnownFileType = folder.assetcatalog; path = "Preview Assets.xcassets"; sourceTree = "<group>"; };
		A478F4C62A584957009CD8D4 /* Extensions.swift */ = {isa = PBXFileReference; lastKnownFileType = sourcecode.swift; path = Extensions.swift; sourceTree = "<group>"; };
		A478F4C82A584D40009CD8D4 /* TranscationModel.swift */ = {isa = PBXFileReference; lastKnownFileType = sourcecode.swift; path = TranscationModel.swift; sourceTree = "<group>"; };
		A478F4CA2A58526B009CD8D4 /* PreviewData.swift */ = {isa = PBXFileReference; lastKnownFileType = sourcecode.swift; path = PreviewData.swift; sourceTree = "<group>"; };
		A478F4CC2A5853A2009CD8D4 /* TransactionRow.swift */ = {isa = PBXFileReference; lastKnownFileType = sourcecode.swift; path = TransactionRow.swift; sourceTree = "<group>"; };
		A478F4D32A585D0F009CD8D4 /* TransactionViewListModel.swift */ = {isa = PBXFileReference; lastKnownFileType = sourcecode.swift; path = TransactionViewListModel.swift; sourceTree = "<group>"; };
		A478F4D52A58697F009CD8D4 /* RecentTransactionList.swift */ = {isa = PBXFileReference; lastKnownFileType = sourcecode.swift; path = RecentTransactionList.swift; sourceTree = "<group>"; };
/* End PBXFileReference section */

/* Begin PBXFrameworksBuildPhase section */
		A478F4B22A58474A009CD8D4 /* Frameworks */ = {
			isa = PBXFrameworksBuildPhase;
			buildActionMask = 2147483647;
			files = (
				A478F4D02A585B70009CD8D4 /* SwiftUIFontIcon in Frameworks */,
			);
			runOnlyForDeploymentPostprocessing = 0;
		};
/* End PBXFrameworksBuildPhase section */

/* Begin PBXGroup section */
		A478F4AC2A584749009CD8D4 = {
			isa = PBXGroup;
			children = (
				A478F4B72A58474A009CD8D4 /* BudgetAppSwift */,
				A478F4B62A58474A009CD8D4 /* Products */,
			);
			sourceTree = "<group>";
		};
		A478F4B62A58474A009CD8D4 /* Products */ = {
			isa = PBXGroup;
			children = (
				A478F4B52A58474A009CD8D4 /* BudgetAppSwift.app */,
			);
			name = Products;
			sourceTree = "<group>";
		};
		A478F4B72A58474A009CD8D4 /* BudgetAppSwift */ = {
			isa = PBXGroup;
			children = (
				A478F4B82A58474A009CD8D4 /* BudgetAppSwiftApp.swift */,
				A478F4CC2A5853A2009CD8D4 /* TransactionRow.swift */,
				A478F4C82A584D40009CD8D4 /* TranscationModel.swift */,
				A478F4D32A585D0F009CD8D4 /* TransactionViewListModel.swift */,
				A478F4D52A58697F009CD8D4 /* RecentTransactionList.swift */,
				A478F4BA2A58474A009CD8D4 /* ContentView.swift */,
				A478F4BC2A58474A009CD8D4 /* Assets.xcassets */,
				A478F4BE2A58474A009CD8D4 /* Preview Content */,
				A478F4C62A584957009CD8D4 /* Extensions.swift */,
			);
			path = BudgetAppSwift;
			sourceTree = "<group>";
		};
		A478F4BE2A58474A009CD8D4 /* Preview Content */ = {
			isa = PBXGroup;
			children = (
				A478F4BF2A58474A009CD8D4 /* Preview Assets.xcassets */,
				A478F4CA2A58526B009CD8D4 /* PreviewData.swift */,
			);
			path = "Preview Content";
			sourceTree = "<group>";
		};
/* End PBXGroup section */

/* Begin PBXNativeTarget section */
		A478F4B42A58474A009CD8D4 /* BudgetAppSwift */ = {
			isa = PBXNativeTarget;
			buildConfigurationList = A478F4C32A58474A009CD8D4 /* Build configuration list for PBXNativeTarget "BudgetAppSwift" */;
			buildPhases = (
				A478F4B12A58474A009CD8D4 /* Sources */,
				A478F4B22A58474A009CD8D4 /* Frameworks */,
				A478F4B32A58474A009CD8D4 /* Resources */,
			);
			buildRules = (
			);
			dependencies = (
			);
			name = BudgetAppSwift;
			packageProductDependencies = (
				A478F4CF2A585B70009CD8D4 /* SwiftUIFontIcon */,
			);
			productName = BudgetAppSwift;
			productReference = A478F4B52A58474A009CD8D4 /* BudgetAppSwift.app */;
			productType = "com.apple.product-type.application";
		};
/* End PBXNativeTarget section */

/* Begin PBXProject section */
		A478F4AD2A584749009CD8D4 /* Project object */ = {
			isa = PBXProject;
			attributes = {
				BuildIndependentTargetsInParallel = 1;
				LastSwiftUpdateCheck = 1430;
				LastUpgradeCheck = 1430;
				TargetAttributes = {
					A478F4B42A58474A009CD8D4 = {
						CreatedOnToolsVersion = 14.3.1;
					};
				};
			};
			buildConfigurationList = A478F4B02A58474A009CD8D4 /* Build configuration list for PBXProject "BudgetAppSwift" */;
			compatibilityVersion = "Xcode 14.0";
			developmentRegion = en;
			hasScannedForEncodings = 0;
			knownRegions = (
				en,
				Base,
			);
			mainGroup = A478F4AC2A584749009CD8D4;
			packageReferences = (
				A478F4CE2A585B70009CD8D4 /* XCRemoteSwiftPackageReference "SwiftUIFontIcon" */,
			);
			productRefGroup = A478F4B62A58474A009CD8D4 /* Products */;
			projectDirPath = "";
			projectRoot = "";
			targets = (
				A478F4B42A58474A009CD8D4 /* BudgetAppSwift */,
			);
		};
/* End PBXProject section */

/* Begin PBXResourcesBuildPhase section */
		A478F4B32A58474A009CD8D4 /* Resources */ = {
			isa = PBXResourcesBuildPhase;
			buildActionMask = 2147483647;
			files = (
				A478F4C02A58474A009CD8D4 /* Preview Assets.xcassets in Resources */,
				A478F4BD2A58474A009CD8D4 /* Assets.xcassets in Resources */,
			);
			runOnlyForDeploymentPostprocessing = 0;
		};
/* End PBXResourcesBuildPhase section */

/* Begin PBXSourcesBuildPhase section */
		A478F4B12A58474A009CD8D4 /* Sources */ = {
			isa = PBXSourcesBuildPhase;
			buildActionMask = 2147483647;
			files = (
				A478F4CB2A58526B009CD8D4 /* PreviewData.swift in Sources */,
				A478F4D62A58697F009CD8D4 /* RecentTransactionList.swift in Sources */,
				A478F4C92A584D40009CD8D4 /* TranscationModel.swift in Sources */,
				A478F4BB2A58474A009CD8D4 /* ContentView.swift in Sources */,
				A478F4D42A585D0F009CD8D4 /* TransactionViewListModel.swift in Sources */,
				A478F4CD2A5853A2009CD8D4 /* TransactionRow.swift in Sources */,
				A478F4C72A584957009CD8D4 /* Extensions.swift in Sources */,
				A478F4B92A58474A009CD8D4 /* BudgetAppSwiftApp.swift in Sources */,
			);
			runOnlyForDeploymentPostprocessing = 0;
		};
/* End PBXSourcesBuildPhase section */

/* Begin XCBuildConfiguration section */
		A478F4C12A58474A009CD8D4 /* Debug */ = {
			isa = XCBuildConfiguration;
			buildSettings = {
				ALWAYS_SEARCH_USER_PATHS = NO;
				CLANG_ANALYZER_NONNULL = YES;
				CLANG_ANALYZER_NUMBER_OBJECT_CONVERSION = YES_AGGRESSIVE;
				CLANG_CXX_LANGUAGE_STANDARD = "gnu++20";
				CLANG_ENABLE_MODULES = YES;
				CLANG_ENABLE_OBJC_ARC = YES;
				CLANG_ENABLE_OBJC_WEAK = YES;
				CLANG_WARN_BLOCK_CAPTURE_AUTORELEASING = YES;
				CLANG_WARN_BOOL_CONVERSION = YES;
				CLANG_WARN_COMMA = YES;
				CLANG_WARN_CONSTANT_CONVERSION = YES;
				CLANG_WARN_DEPRECATED_OBJC_IMPLEMENTATIONS = YES;
				CLANG_WARN_DIRECT_OBJC_ISA_USAGE = YES_ERROR;
				CLANG_WARN_DOCUMENTATION_COMMENTS = YES;
				CLANG_WARN_EMPTY_BODY = YES;
				CLANG_WARN_ENUM_CONVERSION = YES;
				CLANG_WARN_INFINITE_RECURSION = YES;
				CLANG_WARN_INT_CONVERSION = YES;
				CLANG_WARN_NON_LITERAL_NULL_CONVERSION = YES;
				CLANG_WARN_OBJC_IMPLICIT_RETAIN_SELF = YES;
				CLANG_WARN_OBJC_LITERAL_CONVERSION = YES;
				CLANG_WARN_OBJC_ROOT_CLASS = YES_ERROR;
				CLANG_WARN_QUOTED_INCLUDE_IN_FRAMEWORK_HEADER = YES;
				CLANG_WARN_RANGE_LOOP_ANALYSIS = YES;
				CLANG_WARN_STRICT_PROTOTYPES = YES;
				CLANG_WARN_SUSPICIOUS_MOVE = YES;
				CLANG_WARN_UNGUARDED_AVAILABILITY = YES_AGGRESSIVE;
				CLANG_WARN_UNREACHABLE_CODE = YES;
				CLANG_WARN__DUPLICATE_METHOD_MATCH = YES;
				COPY_PHASE_STRIP = NO;
				DEBUG_INFORMATION_FORMAT = dwarf;
				ENABLE_STRICT_OBJC_MSGSEND = YES;
				ENABLE_TESTABILITY = YES;
				GCC_C_LANGUAGE_STANDARD = gnu11;
				GCC_DYNAMIC_NO_PIC = NO;
				GCC_NO_COMMON_BLOCKS = YES;
				GCC_OPTIMIZATION_LEVEL = 0;
				GCC_PREPROCESSOR_DEFINITIONS = (
					"DEBUG=1",
					"$(inherited)",
				);
				GCC_WARN_64_TO_32_BIT_CONVERSION = YES;
				GCC_WARN_ABOUT_RETURN_TYPE = YES_ERROR;
				GCC_WARN_UNDECLARED_SELECTOR = YES;
				GCC_WARN_UNINITIALIZED_AUTOS = YES_AGGRESSIVE;
				GCC_WARN_UNUSED_FUNCTION = YES;
				GCC_WARN_UNUSED_VARIABLE = YES;
				IPHONEOS_DEPLOYMENT_TARGET = 16.4;
				MTL_ENABLE_DEBUG_INFO = INCLUDE_SOURCE;
				MTL_FAST_MATH = YES;
				ONLY_ACTIVE_ARCH = YES;
				SDKROOT = iphoneos;
				SWIFT_ACTIVE_COMPILATION_CONDITIONS = DEBUG;
				SWIFT_OPTIMIZATION_LEVEL = "-Onone";
			};
			name = Debug;
		};
		A478F4C22A58474A009CD8D4 /* Release */ = {
			isa = XCBuildConfiguration;
			buildSettings = {
				ALWAYS_SEARCH_USER_PATHS = NO;
				CLANG_ANALYZER_NONNULL = YES;
				CLANG_ANALYZER_NUMBER_OBJECT_CONVERSION = YES_AGGRESSIVE;
				CLANG_CXX_LANGUAGE_STANDARD = "gnu++20";
				CLANG_ENABLE_MODULES = YES;
				CLANG_ENABLE_OBJC_ARC = YES;
				CLANG_ENABLE_OBJC_WEAK = YES;
				CLANG_WARN_BLOCK_CAPTURE_AUTORELEASING = YES;
				CLANG_WARN_BOOL_CONVERSION = YES;
				CLANG_WARN_COMMA = YES;
				CLANG_WARN_CONSTANT_CONVERSION = YES;
				CLANG_WARN_DEPRECATED_OBJC_IMPLEMENTATIONS = YES;
				CLANG_WARN_DIRECT_OBJC_ISA_USAGE = YES_ERROR;
				CLANG_WARN_DOCUMENTATION_COMMENTS = YES;
				CLANG_WARN_EMPTY_BODY = YES;
				CLANG_WARN_ENUM_CONVERSION = YES;
				CLANG_WARN_INFINITE_RECURSION = YES;
				CLANG_WARN_INT_CONVERSION = YES;
				CLANG_WARN_NON_LITERAL_NULL_CONVERSION = YES;
				CLANG_WARN_OBJC_IMPLICIT_RETAIN_SELF = YES;
				CLANG_WARN_OBJC_LITERAL_CONVERSION = YES;
				CLANG_WARN_OBJC_ROOT_CLASS = YES_ERROR;
				CLANG_WARN_QUOTED_INCLUDE_IN_FRAMEWORK_HEADER = YES;
				CLANG_WARN_RANGE_LOOP_ANALYSIS = YES;
				CLANG_WARN_STRICT_PROTOTYPES = YES;
				CLANG_WARN_SUSPICIOUS_MOVE = YES;
				CLANG_WARN_UNGUARDED_AVAILABILITY = YES_AGGRESSIVE;
				CLANG_WARN_UNREACHABLE_CODE = YES;
				CLANG_WARN__DUPLICATE_METHOD_MATCH = YES;
				COPY_PHASE_STRIP = NO;
				DEBUG_INFORMATION_FORMAT = "dwarf-with-dsym";
				ENABLE_NS_ASSERTIONS = NO;
				ENABLE_STRICT_OBJC_MSGSEND = YES;
				GCC_C_LANGUAGE_STANDARD = gnu11;
				GCC_NO_COMMON_BLOCKS = YES;
				GCC_WARN_64_TO_32_BIT_CONVERSION = YES;
				GCC_WARN_ABOUT_RETURN_TYPE = YES_ERROR;
				GCC_WARN_UNDECLARED_SELECTOR = YES;
				GCC_WARN_UNINITIALIZED_AUTOS = YES_AGGRESSIVE;
				GCC_WARN_UNUSED_FUNCTION = YES;
				GCC_WARN_UNUSED_VARIABLE = YES;
				IPHONEOS_DEPLOYMENT_TARGET = 16.4;
				MTL_ENABLE_DEBUG_INFO = NO;
				MTL_FAST_MATH = YES;
				SDKROOT = iphoneos;
				SWIFT_COMPILATION_MODE = wholemodule;
				SWIFT_OPTIMIZATION_LEVEL = "-O";
				VALIDATE_PRODUCT = YES;
			};
			name = Release;
		};
		A478F4C42A58474A009CD8D4 /* Debug */ = {
			isa = XCBuildConfiguration;
			buildSettings = {
				ASSETCATALOG_COMPILER_APPICON_NAME = AppIcon;
				ASSETCATALOG_COMPILER_GLOBAL_ACCENT_COLOR_NAME = AccentColor;
				CODE_SIGN_STYLE = Automatic;
				CURRENT_PROJECT_VERSION = 1;
				DEVELOPMENT_ASSET_PATHS = "\"BudgetAppSwift/Preview Content\"";
				DEVELOPMENT_TEAM = YTVX2Y5R7P;
				ENABLE_PREVIEWS = YES;
				GENERATE_INFOPLIST_FILE = YES;
				INFOPLIST_KEY_UIApplicationSceneManifest_Generation = YES;
				INFOPLIST_KEY_UIApplicationSupportsIndirectInputEvents = YES;
				INFOPLIST_KEY_UILaunchScreen_Generation = YES;
				INFOPLIST_KEY_UISupportedInterfaceOrientations_iPad = "UIInterfaceOrientationPortrait UIInterfaceOrientationPortraitUpsideDown UIInterfaceOrientationLandscapeLeft UIInterfaceOrientationLandscapeRight";
				INFOPLIST_KEY_UISupportedInterfaceOrientations_iPhone = "UIInterfaceOrientationPortrait UIInterfaceOrientationLandscapeLeft UIInterfaceOrientationLandscapeRight";
				LD_RUNPATH_SEARCH_PATHS = (
					"$(inherited)",
					"@executable_path/Frameworks",
				);
				MARKETING_VERSION = 1.0;
				PRODUCT_BUNDLE_IDENTIFIER = com.igorodaryuk.BudgetAppSwift;
				PRODUCT_NAME = "$(TARGET_NAME)";
				SWIFT_EMIT_LOC_STRINGS = YES;
				SWIFT_VERSION = 5.0;
				TARGETED_DEVICE_FAMILY = "1,2";
			};
			name = Debug;
		};
		A478F4C52A58474A009CD8D4 /* Release */ = {
			isa = XCBuildConfiguration;
			buildSettings = {
				ASSETCATALOG_COMPILER_APPICON_NAME = AppIcon;
				ASSETCATALOG_COMPILER_GLOBAL_ACCENT_COLOR_NAME = AccentColor;
				CODE_SIGN_STYLE = Automatic;
				CURRENT_PROJECT_VERSION = 1;
				DEVELOPMENT_ASSET_PATHS = "\"BudgetAppSwift/Preview Content\"";
				DEVELOPMENT_TEAM = YTVX2Y5R7P;
				ENABLE_PREVIEWS = YES;
				GENERATE_INFOPLIST_FILE = YES;
				INFOPLIST_KEY_UIApplicationSceneManifest_Generation = YES;
				INFOPLIST_KEY_UIApplicationSupportsIndirectInputEvents = YES;
				INFOPLIST_KEY_UILaunchScreen_Generation = YES;
				INFOPLIST_KEY_UISupportedInterfaceOrientations_iPad = "UIInterfaceOrientationPortrait UIInterfaceOrientationPortraitUpsideDown UIInterfaceOrientationLandscapeLeft UIInterfaceOrientationLandscapeRight";
				INFOPLIST_KEY_UISupportedInterfaceOrientations_iPhone = "UIInterfaceOrientationPortrait UIInterfaceOrientationLandscapeLeft UIInterfaceOrientationLandscapeRight";
				LD_RUNPATH_SEARCH_PATHS = (
					"$(inherited)",
					"@executable_path/Frameworks",
				);
				MARKETING_VERSION = 1.0;
				PRODUCT_BUNDLE_IDENTIFIER = com.igorodaryuk.BudgetAppSwift;
				PRODUCT_NAME = "$(TARGET_NAME)";
				SWIFT_EMIT_LOC_STRINGS = YES;
				SWIFT_VERSION = 5.0;
				TARGETED_DEVICE_FAMILY = "1,2";
			};
			name = Release;
		};
/* End XCBuildConfiguration section */

/* Begin XCConfigurationList section */
		A478F4B02A58474A009CD8D4 /* Build configuration list for PBXProject "BudgetAppSwift" */ = {
			isa = XCConfigurationList;
			buildConfigurations = (
				A478F4C12A58474A009CD8D4 /* Debug */,
				A478F4C22A58474A009CD8D4 /* Release */,
			);
			defaultConfigurationIsVisible = 0;
			defaultConfigurationName = Release;
		};
		A478F4C32A58474A009CD8D4 /* Build configuration list for PBXNativeTarget "BudgetAppSwift" */ = {
			isa = XCConfigurationList;
			buildConfigurations = (
				A478F4C42A58474A009CD8D4 /* Debug */,
				A478F4C52A58474A009CD8D4 /* Release */,
			);
			defaultConfigurationIsVisible = 0;
			defaultConfigurationName = Release;
		};
/* End XCConfigurationList section */

/* Begin XCRemoteSwiftPackageReference section */
		A478F4CE2A585B70009CD8D4 /* XCRemoteSwiftPackageReference "SwiftUIFontIcon" */ = {
			isa = XCRemoteSwiftPackageReference;
			repositoryURL = "https://github.com/huybuidac/SwiftUIFontIcon";
			requirement = {
				branch = master;
				kind = branch;
			};
		};
/* End XCRemoteSwiftPackageReference section */

/* Begin XCSwiftPackageProductDependency section */
		A478F4CF2A585B70009CD8D4 /* SwiftUIFontIcon */ = {
			isa = XCSwiftPackageProductDependency;
			package = A478F4CE2A585B70009CD8D4 /* XCRemoteSwiftPackageReference "SwiftUIFontIcon" */;
			productName = SwiftUIFontIcon;
		};
/* End XCSwiftPackageProductDependency section */
	};
	rootObject = A478F4AD2A584749009CD8D4 /* Project object */;
}
